// !$*UTF8*$!
{
	archiveVersion = 1;
	classes = {
	};
	objectVersion = 56;
	objects = {

/* Begin PBXBuildFile section */
		6EBDE96F29A5BA08000C24D3 /* HomeTableViewCell.swift in Sources */ = {isa = PBXBuildFile; fileRef = 6EBDE96E29A5BA08000C24D3 /* HomeTableViewCell.swift */; };
		6EBDE97129A5C7DC000C24D3 /* GetNetworkImageUseCase.swift in Sources */ = {isa = PBXBuildFile; fileRef = 6EBDE97029A5C7DC000C24D3 /* GetNetworkImageUseCase.swift */; };
		6ED8F4CB29A5AE2D008AC5CB /* AppDelegate.swift in Sources */ = {isa = PBXBuildFile; fileRef = 6ED8F4CA29A5AE2D008AC5CB /* AppDelegate.swift */; };
		6ED8F4CD29A5AE2D008AC5CB /* SceneDelegate.swift in Sources */ = {isa = PBXBuildFile; fileRef = 6ED8F4CC29A5AE2D008AC5CB /* SceneDelegate.swift */; };
		6ED8F4D229A5AE2D008AC5CB /* Main.storyboard in Resources */ = {isa = PBXBuildFile; fileRef = 6ED8F4D029A5AE2D008AC5CB /* Main.storyboard */; };
		6ED8F4D429A5AE2E008AC5CB /* Assets.xcassets in Resources */ = {isa = PBXBuildFile; fileRef = 6ED8F4D329A5AE2E008AC5CB /* Assets.xcassets */; };
		6ED8F4D729A5AE2E008AC5CB /* LaunchScreen.storyboard in Resources */ = {isa = PBXBuildFile; fileRef = 6ED8F4D529A5AE2E008AC5CB /* LaunchScreen.storyboard */; };
		6ED8F4E029A5B195008AC5CB /* HomeViewController.swift in Sources */ = {isa = PBXBuildFile; fileRef = 6ED8F4DF29A5B195008AC5CB /* HomeViewController.swift */; };
		6ED8F4E329A5B341008AC5CB /* TypicodeStruct.swift in Sources */ = {isa = PBXBuildFile; fileRef = 6ED8F4E229A5B341008AC5CB /* TypicodeStruct.swift */; };
		6ED8F4E529A5B3E0008AC5CB /* GetTypicodeDataUseCase.swift in Sources */ = {isa = PBXBuildFile; fileRef = 6ED8F4E429A5B3E0008AC5CB /* GetTypicodeDataUseCase.swift */; };
		6ED8F4E929A5B6C9008AC5CB /* HomeViewModel.swift in Sources */ = {isa = PBXBuildFile; fileRef = 6ED8F4E829A5B6C9008AC5CB /* HomeViewModel.swift */; };
		94023723ED00B27FE88822C6 /* Pods_ChatDemo.framework in Frameworks */ = {isa = PBXBuildFile; fileRef = AE046AA31D62CF743ACB1A68 /* Pods_ChatDemo.framework */; };
/* End PBXBuildFile section */

/* Begin PBXFileReference section */
		6EBDE96E29A5BA08000C24D3 /* HomeTableViewCell.swift */ = {isa = PBXFileReference; lastKnownFileType = sourcecode.swift; path = HomeTableViewCell.swift; sourceTree = "<group>"; };
		6EBDE97029A5C7DC000C24D3 /* GetNetworkImageUseCase.swift */ = {isa = PBXFileReference; lastKnownFileType = sourcecode.swift; path = GetNetworkImageUseCase.swift; sourceTree = "<group>"; };
		6ED8F4C729A5AE2D008AC5CB /* ChatDemo.app */ = {isa = PBXFileReference; explicitFileType = wrapper.application; includeInIndex = 0; path = ChatDemo.app; sourceTree = BUILT_PRODUCTS_DIR; };
		6ED8F4CA29A5AE2D008AC5CB /* AppDelegate.swift */ = {isa = PBXFileReference; lastKnownFileType = sourcecode.swift; path = AppDelegate.swift; sourceTree = "<group>"; };
		6ED8F4CC29A5AE2D008AC5CB /* SceneDelegate.swift */ = {isa = PBXFileReference; lastKnownFileType = sourcecode.swift; path = SceneDelegate.swift; sourceTree = "<group>"; };
		6ED8F4D129A5AE2D008AC5CB /* Base */ = {isa = PBXFileReference; lastKnownFileType = file.storyboard; name = Base; path = Base.lproj/Main.storyboard; sourceTree = "<group>"; };
		6ED8F4D329A5AE2E008AC5CB /* Assets.xcassets */ = {isa = PBXFileReference; lastKnownFileType = folder.assetcatalog; path = Assets.xcassets; sourceTree = "<group>"; };
		6ED8F4D629A5AE2E008AC5CB /* Base */ = {isa = PBXFileReference; lastKnownFileType = file.storyboard; name = Base; path = Base.lproj/LaunchScreen.storyboard; sourceTree = "<group>"; };
		6ED8F4D829A5AE2E008AC5CB /* Info.plist */ = {isa = PBXFileReference; lastKnownFileType = text.plist.xml; path = Info.plist; sourceTree = "<group>"; };
		6ED8F4DF29A5B195008AC5CB /* HomeViewController.swift */ = {isa = PBXFileReference; lastKnownFileType = sourcecode.swift; path = HomeViewController.swift; sourceTree = "<group>"; };
		6ED8F4E229A5B341008AC5CB /* TypicodeStruct.swift */ = {isa = PBXFileReference; lastKnownFileType = sourcecode.swift; path = TypicodeStruct.swift; sourceTree = "<group>"; };
		6ED8F4E429A5B3E0008AC5CB /* GetTypicodeDataUseCase.swift */ = {isa = PBXFileReference; lastKnownFileType = sourcecode.swift; path = GetTypicodeDataUseCase.swift; sourceTree = "<group>"; };
		6ED8F4E829A5B6C9008AC5CB /* HomeViewModel.swift */ = {isa = PBXFileReference; lastKnownFileType = sourcecode.swift; path = HomeViewModel.swift; sourceTree = "<group>"; };
		8409161FA446BB700A03636C /* Pods-ChatDemo.debug.xcconfig */ = {isa = PBXFileReference; includeInIndex = 1; lastKnownFileType = text.xcconfig; name = "Pods-ChatDemo.debug.xcconfig"; path = "Target Support Files/Pods-ChatDemo/Pods-ChatDemo.debug.xcconfig"; sourceTree = "<group>"; };
		AE046AA31D62CF743ACB1A68 /* Pods_ChatDemo.framework */ = {isa = PBXFileReference; explicitFileType = wrapper.framework; includeInIndex = 0; path = Pods_ChatDemo.framework; sourceTree = BUILT_PRODUCTS_DIR; };
		BFA5B7B1D513B15984E69BD0 /* Pods-ChatDemo.release.xcconfig */ = {isa = PBXFileReference; includeInIndex = 1; lastKnownFileType = text.xcconfig; name = "Pods-ChatDemo.release.xcconfig"; path = "Target Support Files/Pods-ChatDemo/Pods-ChatDemo.release.xcconfig"; sourceTree = "<group>"; };
/* End PBXFileReference section */

/* Begin PBXFrameworksBuildPhase section */
		6ED8F4C429A5AE2D008AC5CB /* Frameworks */ = {
			isa = PBXFrameworksBuildPhase;
			buildActionMask = 2147483647;
			files = (
				94023723ED00B27FE88822C6 /* Pods_ChatDemo.framework in Frameworks */,
			);
			runOnlyForDeploymentPostprocessing = 0;
		};
/* End PBXFrameworksBuildPhase section */

/* Begin PBXGroup section */
		28409272914E840596F6B571 /* Pods */ = {
			isa = PBXGroup;
			children = (
				8409161FA446BB700A03636C /* Pods-ChatDemo.debug.xcconfig */,
				BFA5B7B1D513B15984E69BD0 /* Pods-ChatDemo.release.xcconfig */,
			);
			path = Pods;
			sourceTree = "<group>";
		};
		4EAA707387AC9B4DED0BF3D9 /* Frameworks */ = {
			isa = PBXGroup;
			children = (
				AE046AA31D62CF743ACB1A68 /* Pods_ChatDemo.framework */,
			);
			name = Frameworks;
			sourceTree = "<group>";
		};
		6EBDE96D29A5B9EE000C24D3 /* View */ = {
			isa = PBXGroup;
			children = (
				6EBDE96E29A5BA08000C24D3 /* HomeTableViewCell.swift */,
			);
			path = View;
			sourceTree = "<group>";
		};
		6ED8F4BE29A5AE2D008AC5CB = {
			isa = PBXGroup;
			children = (
				6ED8F4C929A5AE2D008AC5CB /* ChatDemo */,
				6ED8F4C829A5AE2D008AC5CB /* Products */,
				28409272914E840596F6B571 /* Pods */,
				4EAA707387AC9B4DED0BF3D9 /* Frameworks */,
			);
			sourceTree = "<group>";
		};
		6ED8F4C829A5AE2D008AC5CB /* Products */ = {
			isa = PBXGroup;
			children = (
				6ED8F4C729A5AE2D008AC5CB /* ChatDemo.app */,
			);
			name = Products;
			sourceTree = "<group>";
		};
		6ED8F4C929A5AE2D008AC5CB /* ChatDemo */ = {
			isa = PBXGroup;
			children = (
				6ED8F4E629A5B3E4008AC5CB /* NetworkUseCase */,
				6ED8F4E129A5B30F008AC5CB /* DataModel */,
				6ED8F4DE29A5B16B008AC5CB /* ViewController */,
				6ED8F4CA29A5AE2D008AC5CB /* AppDelegate.swift */,
				6ED8F4CC29A5AE2D008AC5CB /* SceneDelegate.swift */,
				6ED8F4D029A5AE2D008AC5CB /* Main.storyboard */,
				6ED8F4D329A5AE2E008AC5CB /* Assets.xcassets */,
				6ED8F4D529A5AE2E008AC5CB /* LaunchScreen.storyboard */,
				6ED8F4D829A5AE2E008AC5CB /* Info.plist */,
			);
			path = ChatDemo;
			sourceTree = "<group>";
		};
		6ED8F4DE29A5B16B008AC5CB /* ViewController */ = {
			isa = PBXGroup;
			children = (
				6EBDE96D29A5B9EE000C24D3 /* View */,
				6ED8F4E729A5B6BE008AC5CB /* HomeViewModel */,
				6ED8F4DF29A5B195008AC5CB /* HomeViewController.swift */,
			);
			path = ViewController;
			sourceTree = "<group>";
		};
		6ED8F4E129A5B30F008AC5CB /* DataModel */ = {
			isa = PBXGroup;
			children = (
				6ED8F4E229A5B341008AC5CB /* TypicodeStruct.swift */,
			);
			path = DataModel;
			sourceTree = "<group>";
		};
		6ED8F4E629A5B3E4008AC5CB /* NetworkUseCase */ = {
			isa = PBXGroup;
			children = (
				6ED8F4E429A5B3E0008AC5CB /* GetTypicodeDataUseCase.swift */,
				6EBDE97029A5C7DC000C24D3 /* GetNetworkImageUseCase.swift */,
			);
			path = NetworkUseCase;
			sourceTree = "<group>";
		};
		6ED8F4E729A5B6BE008AC5CB /* HomeViewModel */ = {
			isa = PBXGroup;
			children = (
				6ED8F4E829A5B6C9008AC5CB /* HomeViewModel.swift */,
			);
			path = HomeViewModel;
			sourceTree = "<group>";
		};
/* End PBXGroup section */

/* Begin PBXNativeTarget section */
		6ED8F4C629A5AE2D008AC5CB /* ChatDemo */ = {
			isa = PBXNativeTarget;
			buildConfigurationList = 6ED8F4DB29A5AE2E008AC5CB /* Build configuration list for PBXNativeTarget "ChatDemo" */;
			buildPhases = (
				90199B368666545D90CA4745 /* [CP] Check Pods Manifest.lock */,
				6ED8F4C329A5AE2D008AC5CB /* Sources */,
				6ED8F4C429A5AE2D008AC5CB /* Frameworks */,
				6ED8F4C529A5AE2D008AC5CB /* Resources */,
				2A928C5391958A57557A29A1 /* [CP] Embed Pods Frameworks */,
			);
			buildRules = (
			);
			dependencies = (
			);
			name = ChatDemo;
			productName = ChatDemo;
			productReference = 6ED8F4C729A5AE2D008AC5CB /* ChatDemo.app */;
			productType = "com.apple.product-type.application";
		};
/* End PBXNativeTarget section */

/* Begin PBXProject section */
		6ED8F4BF29A5AE2D008AC5CB /* Project object */ = {
			isa = PBXProject;
			attributes = {
				BuildIndependentTargetsInParallel = 1;
				LastSwiftUpdateCheck = 1420;
				LastUpgradeCheck = 1420;
				TargetAttributes = {
					6ED8F4C629A5AE2D008AC5CB = {
						CreatedOnToolsVersion = 14.2;
					};
				};
			};
			buildConfigurationList = 6ED8F4C229A5AE2D008AC5CB /* Build configuration list for PBXProject "ChatDemo" */;
			compatibilityVersion = "Xcode 14.0";
			developmentRegion = en;
			hasScannedForEncodings = 0;
			knownRegions = (
				en,
				Base,
			);
			mainGroup = 6ED8F4BE29A5AE2D008AC5CB;
			productRefGroup = 6ED8F4C829A5AE2D008AC5CB /* Products */;
			projectDirPath = "";
			projectRoot = "";
			targets = (
				6ED8F4C629A5AE2D008AC5CB /* ChatDemo */,
			);
		};
/* End PBXProject section */

/* Begin PBXResourcesBuildPhase section */
		6ED8F4C529A5AE2D008AC5CB /* Resources */ = {
			isa = PBXResourcesBuildPhase;
			buildActionMask = 2147483647;
			files = (
				6ED8F4D729A5AE2E008AC5CB /* LaunchScreen.storyboard in Resources */,
				6ED8F4D429A5AE2E008AC5CB /* Assets.xcassets in Resources */,
				6ED8F4D229A5AE2D008AC5CB /* Main.storyboard in Resources */,
			);
			runOnlyForDeploymentPostprocessing = 0;
		};
/* End PBXResourcesBuildPhase section */

/* Begin PBXShellScriptBuildPhase section */
		2A928C5391958A57557A29A1 /* [CP] Embed Pods Frameworks */ = {
			isa = PBXShellScriptBuildPhase;
			buildActionMask = 2147483647;
			files = (
			);
			inputFileListPaths = (
				"${PODS_ROOT}/Target Support Files/Pods-ChatDemo/Pods-ChatDemo-frameworks-${CONFIGURATION}-input-files.xcfilelist",
			);
			name = "[CP] Embed Pods Frameworks";
			outputFileListPaths = (
				"${PODS_ROOT}/Target Support Files/Pods-ChatDemo/Pods-ChatDemo-frameworks-${CONFIGURATION}-output-files.xcfilelist",
			);
			runOnlyForDeploymentPostprocessing = 0;
			shellPath = /bin/sh;
			shellScript = "\"${PODS_ROOT}/Target Support Files/Pods-ChatDemo/Pods-ChatDemo-frameworks.sh\"\n";
			showEnvVarsInLog = 0;
		};
		90199B368666545D90CA4745 /* [CP] Check Pods Manifest.lock */ = {
			isa = PBXShellScriptBuildPhase;
			buildActionMask = 2147483647;
			files = (
			);
			inputFileListPaths = (
			);
			inputPaths = (
				"${PODS_PODFILE_DIR_PATH}/Podfile.lock",
				"${PODS_ROOT}/Manifest.lock",
			);
			name = "[CP] Check Pods Manifest.lock";
			outputFileListPaths = (
			);
			outputPaths = (
				"$(DERIVED_FILE_DIR)/Pods-ChatDemo-checkManifestLockResult.txt",
			);
			runOnlyForDeploymentPostprocessing = 0;
			shellPath = /bin/sh;
			shellScript = "diff \"${PODS_PODFILE_DIR_PATH}/Podfile.lock\" \"${PODS_ROOT}/Manifest.lock\" > /dev/null\nif [ $? != 0 ] ; then\n    # print error to STDERR\n    echo \"error: The sandbox is not in sync with the Podfile.lock. Run 'pod install' or update your CocoaPods installation.\" >&2\n    exit 1\nfi\n# This output is used by Xcode 'outputs' to avoid re-running this script phase.\necho \"SUCCESS\" > \"${SCRIPT_OUTPUT_FILE_0}\"\n";
			showEnvVarsInLog = 0;
		};
/* End PBXShellScriptBuildPhase section */

/* Begin PBXSourcesBuildPhase section */
		6ED8F4C329A5AE2D008AC5CB /* Sources */ = {
			isa = PBXSourcesBuildPhase;
			buildActionMask = 2147483647;
			files = (
				6ED8F4CB29A5AE2D008AC5CB /* AppDelegate.swift in Sources */,
				6ED8F4E929A5B6C9008AC5CB /* HomeViewModel.swift in Sources */,
				6EBDE96F29A5BA08000C24D3 /* HomeTableViewCell.swift in Sources */,
				6ED8F4E529A5B3E0008AC5CB /* GetTypicodeDataUseCase.swift in Sources */,
				6ED8F4E329A5B341008AC5CB /* TypicodeStruct.swift in Sources */,
				6EBDE97129A5C7DC000C24D3 /* GetNetworkImageUseCase.swift in Sources */,
				6ED8F4CD29A5AE2D008AC5CB /* SceneDelegate.swift in Sources */,
				6ED8F4E029A5B195008AC5CB /* HomeViewController.swift in Sources */,
			);
			runOnlyForDeploymentPostprocessing = 0;
		};
/* End PBXSourcesBuildPhase section */

/* Begin PBXVariantGroup section */
		6ED8F4D029A5AE2D008AC5CB /* Main.storyboard */ = {
			isa = PBXVariantGroup;
			children = (
				6ED8F4D129A5AE2D008AC5CB /* Base */,
			);
			name = Main.storyboard;
			sourceTree = "<group>";
		};
		6ED8F4D529A5AE2E008AC5CB /* LaunchScreen.storyboard */ = {
			isa = PBXVariantGroup;
			children = (
				6ED8F4D629A5AE2E008AC5CB /* Base */,
			);
			name = LaunchScreen.storyboard;
			sourceTree = "<group>";
		};
/* End PBXVariantGroup section */

/* Begin XCBuildConfiguration section */
		6ED8F4D929A5AE2E008AC5CB /* Debug */ = {
			isa = XCBuildConfiguration;
			buildSettings = {
				ALWAYS_SEARCH_USER_PATHS = NO;
				CLANG_ANALYZER_NONNULL = YES;
				CLANG_ANALYZER_NUMBER_OBJECT_CONVERSION = YES_AGGRESSIVE;
				CLANG_CXX_LANGUAGE_STANDARD = "gnu++20";
				CLANG_ENABLE_MODULES = YES;
				CLANG_ENABLE_OBJC_ARC = YES;
				CLANG_ENABLE_OBJC_WEAK = YES;
				CLANG_WARN_BLOCK_CAPTURE_AUTORELEASING = YES;
				CLANG_WARN_BOOL_CONVERSION = YES;
				CLANG_WARN_COMMA = YES;
				CLANG_WARN_CONSTANT_CONVERSION = YES;
				CLANG_WARN_DEPRECATED_OBJC_IMPLEMENTATIONS = YES;
				CLANG_WARN_DIRECT_OBJC_ISA_USAGE = YES_ERROR;
				CLANG_WARN_DOCUMENTATION_COMMENTS = YES;
				CLANG_WARN_EMPTY_BODY = YES;
				CLANG_WARN_ENUM_CONVERSION = YES;
				CLANG_WARN_INFINITE_RECURSION = YES;
				CLANG_WARN_INT_CONVERSION = YES;
				CLANG_WARN_NON_LITERAL_NULL_CONVERSION = YES;
				CLANG_WARN_OBJC_IMPLICIT_RETAIN_SELF = YES;
				CLANG_WARN_OBJC_LITERAL_CONVERSION = YES;
				CLANG_WARN_OBJC_ROOT_CLASS = YES_ERROR;
				CLANG_WARN_QUOTED_INCLUDE_IN_FRAMEWORK_HEADER = YES;
				CLANG_WARN_RANGE_LOOP_ANALYSIS = YES;
				CLANG_WARN_STRICT_PROTOTYPES = YES;
				CLANG_WARN_SUSPICIOUS_MOVE = YES;
				CLANG_WARN_UNGUARDED_AVAILABILITY = YES_AGGRESSIVE;
				CLANG_WARN_UNREACHABLE_CODE = YES;
				CLANG_WARN__DUPLICATE_METHOD_MATCH = YES;
				COPY_PHASE_STRIP = NO;
				DEBUG_INFORMATION_FORMAT = dwarf;
				ENABLE_STRICT_OBJC_MSGSEND = YES;
				ENABLE_TESTABILITY = YES;
				GCC_C_LANGUAGE_STANDARD = gnu11;
				GCC_DYNAMIC_NO_PIC = NO;
				GCC_NO_COMMON_BLOCKS = YES;
				GCC_OPTIMIZATION_LEVEL = 0;
				GCC_PREPROCESSOR_DEFINITIONS = (
					"DEBUG=1",
					"$(inherited)",
				);
				GCC_WARN_64_TO_32_BIT_CONVERSION = YES;
				GCC_WARN_ABOUT_RETURN_TYPE = YES_ERROR;
				GCC_WARN_UNDECLARED_SELECTOR = YES;
				GCC_WARN_UNINITIALIZED_AUTOS = YES_AGGRESSIVE;
				GCC_WARN_UNUSED_FUNCTION = YES;
				GCC_WARN_UNUSED_VARIABLE = YES;
				IPHONEOS_DEPLOYMENT_TARGET = 16.2;
				MTL_ENABLE_DEBUG_INFO = INCLUDE_SOURCE;
				MTL_FAST_MATH = YES;
				ONLY_ACTIVE_ARCH = YES;
				SDKROOT = iphoneos;
				SWIFT_ACTIVE_COMPILATION_CONDITIONS = DEBUG;
				SWIFT_OPTIMIZATION_LEVEL = "-Onone";
			};
			name = Debug;
		};
		6ED8F4DA29A5AE2E008AC5CB /* Release */ = {
			isa = XCBuildConfiguration;
			buildSettings = {
				ALWAYS_SEARCH_USER_PATHS = NO;
				CLANG_ANALYZER_NONNULL = YES;
				CLANG_ANALYZER_NUMBER_OBJECT_CONVERSION = YES_AGGRESSIVE;
				CLANG_CXX_LANGUAGE_STANDARD = "gnu++20";
				CLANG_ENABLE_MODULES = YES;
				CLANG_ENABLE_OBJC_ARC = YES;
				CLANG_ENABLE_OBJC_WEAK = YES;
				CLANG_WARN_BLOCK_CAPTURE_AUTORELEASING = YES;
				CLANG_WARN_BOOL_CONVERSION = YES;
				CLANG_WARN_COMMA = YES;
				CLANG_WARN_CONSTANT_CONVERSION = YES;
				CLANG_WARN_DEPRECATED_OBJC_IMPLEMENTATIONS = YES;
				CLANG_WARN_DIRECT_OBJC_ISA_USAGE = YES_ERROR;
				CLANG_WARN_DOCUMENTATION_COMMENTS = YES;
				CLANG_WARN_EMPTY_BODY = YES;
				CLANG_WARN_ENUM_CONVERSION = YES;
				CLANG_WARN_INFINITE_RECURSION = YES;
				CLANG_WARN_INT_CONVERSION = YES;
				CLANG_WARN_NON_LITERAL_NULL_CONVERSION = YES;
				CLANG_WARN_OBJC_IMPLICIT_RETAIN_SELF = YES;
				CLANG_WARN_OBJC_LITERAL_CONVERSION = YES;
				CLANG_WARN_OBJC_ROOT_CLASS = YES_ERROR;
				CLANG_WARN_QUOTED_INCLUDE_IN_FRAMEWORK_HEADER = YES;
				CLANG_WARN_RANGE_LOOP_ANALYSIS = YES;
				CLANG_WARN_STRICT_PROTOTYPES = YES;
				CLANG_WARN_SUSPICIOUS_MOVE = YES;
				CLANG_WARN_UNGUARDED_AVAILABILITY = YES_AGGRESSIVE;
				CLANG_WARN_UNREACHABLE_CODE = YES;
				CLANG_WARN__DUPLICATE_METHOD_MATCH = YES;
				COPY_PHASE_STRIP = NO;
				DEBUG_INFORMATION_FORMAT = "dwarf-with-dsym";
				ENABLE_NS_ASSERTIONS = NO;
				ENABLE_STRICT_OBJC_MSGSEND = YES;
				GCC_C_LANGUAGE_STANDARD = gnu11;
				GCC_NO_COMMON_BLOCKS = YES;
				GCC_WARN_64_TO_32_BIT_CONVERSION = YES;
				GCC_WARN_ABOUT_RETURN_TYPE = YES_ERROR;
				GCC_WARN_UNDECLARED_SELECTOR = YES;
				GCC_WARN_UNINITIALIZED_AUTOS = YES_AGGRESSIVE;
				GCC_WARN_UNUSED_FUNCTION = YES;
				GCC_WARN_UNUSED_VARIABLE = YES;
				IPHONEOS_DEPLOYMENT_TARGET = 16.2;
				MTL_ENABLE_DEBUG_INFO = NO;
				MTL_FAST_MATH = YES;
				SDKROOT = iphoneos;
				SWIFT_COMPILATION_MODE = wholemodule;
				SWIFT_OPTIMIZATION_LEVEL = "-O";
				VALIDATE_PRODUCT = YES;
			};
			name = Release;
		};
		6ED8F4DC29A5AE2E008AC5CB /* Debug */ = {
			isa = XCBuildConfiguration;
			baseConfigurationReference = 8409161FA446BB700A03636C /* Pods-ChatDemo.debug.xcconfig */;
			buildSettings = {
				ASSETCATALOG_COMPILER_APPICON_NAME = AppIcon;
				ASSETCATALOG_COMPILER_GLOBAL_ACCENT_COLOR_NAME = AccentColor;
				CODE_SIGN_STYLE = Automatic;
				CURRENT_PROJECT_VERSION = 1;
				DEVELOPMENT_TEAM = X23B858772;
				GENERATE_INFOPLIST_FILE = YES;
				INFOPLIST_FILE = ChatDemo/Info.plist;
				INFOPLIST_KEY_UIApplicationSupportsIndirectInputEvents = YES;
				INFOPLIST_KEY_UILaunchStoryboardName = LaunchScreen;
				INFOPLIST_KEY_UIMainStoryboardFile = Main;
				INFOPLIST_KEY_UISupportedInterfaceOrientations_iPad = "UIInterfaceOrientationPortrait UIInterfaceOrientationPortraitUpsideDown UIInterfaceOrientationLandscapeLeft UIInterfaceOrientationLandscapeRight";
				INFOPLIST_KEY_UISupportedInterfaceOrientations_iPhone = "UIInterfaceOrientationPortrait UIInterfaceOrientationLandscapeLeft UIInterfaceOrientationLandscapeRight";
				IPHONEOS_DEPLOYMENT_TARGET = 15.0;
				LD_RUNPATH_SEARCH_PATHS = (
					"$(inherited)",
					"@executable_path/Frameworks",
				);
				MARKETING_VERSION = 1.0;
				PRODUCT_BUNDLE_IDENTIFIER = CMoney.SampleApp.ChatDemo;
				PRODUCT_NAME = "$(TARGET_NAME)";
				SWIFT_EMIT_LOC_STRINGS = YES;
				SWIFT_VERSION = 5.0;
				TARGETED_DEVICE_FAMILY = "1,2";
			};
			name = Debug;
		};
		6ED8F4DD29A5AE2E008AC5CB /* Release */ = {
			isa = XCBuildConfiguration;
			baseConfigurationReference = BFA5B7B1D513B15984E69BD0 /* Pods-ChatDemo.release.xcconfig */;
			buildSettings = {
				ASSETCATALOG_COMPILER_APPICON_NAME = AppIcon;
				ASSETCATALOG_COMPILER_GLOBAL_ACCENT_COLOR_NAME = AccentColor;
				CODE_SIGN_STYLE = Automatic;
				CURRENT_PROJECT_VERSION = 1;
				DEVELOPMENT_TEAM = X23B858772;
				GENERATE_INFOPLIST_FILE = YES;
				INFOPLIST_FILE = ChatDemo/Info.plist;
				INFOPLIST_KEY_UIApplicationSupportsIndirectInputEvents = YES;
				INFOPLIST_KEY_UILaunchStoryboardName = LaunchScreen;
				INFOPLIST_KEY_UIMainStoryboardFile = Main;
				INFOPLIST_KEY_UISupportedInterfaceOrientations_iPad = "UIInterfaceOrientationPortrait UIInterfaceOrientationPortraitUpsideDown UIInterfaceOrientationLandscapeLeft UIInterfaceOrientationLandscapeRight";
				INFOPLIST_KEY_UISupportedInterfaceOrientations_iPhone = "UIInterfaceOrientationPortrait UIInterfaceOrientationLandscapeLeft UIInterfaceOrientationLandscapeRight";
				IPHONEOS_DEPLOYMENT_TARGET = 15.0;
				LD_RUNPATH_SEARCH_PATHS = (
					"$(inherited)",
					"@executable_path/Frameworks",
				);
				MARKETING_VERSION = 1.0;
				PRODUCT_BUNDLE_IDENTIFIER = CMoney.SampleApp.ChatDemo;
				PRODUCT_NAME = "$(TARGET_NAME)";
				SWIFT_EMIT_LOC_STRINGS = YES;
				SWIFT_VERSION = 5.0;
				TARGETED_DEVICE_FAMILY = "1,2";
			};
			name = Release;
		};
/* End XCBuildConfiguration section */

/* Begin XCConfigurationList section */
		6ED8F4C229A5AE2D008AC5CB /* Build configuration list for PBXProject "ChatDemo" */ = {
			isa = XCConfigurationList;
			buildConfigurations = (
				6ED8F4D929A5AE2E008AC5CB /* Debug */,
				6ED8F4DA29A5AE2E008AC5CB /* Release */,
			);
			defaultConfigurationIsVisible = 0;
			defaultConfigurationName = Release;
		};
		6ED8F4DB29A5AE2E008AC5CB /* Build configuration list for PBXNativeTarget "ChatDemo" */ = {
			isa = XCConfigurationList;
			buildConfigurations = (
				6ED8F4DC29A5AE2E008AC5CB /* Debug */,
				6ED8F4DD29A5AE2E008AC5CB /* Release */,
			);
			defaultConfigurationIsVisible = 0;
			defaultConfigurationName = Release;
		};
/* End XCConfigurationList section */
	};
	rootObject = 6ED8F4BF29A5AE2D008AC5CB /* Project object */;
}
